
Microsoft Visual Studio Solution File, Format Version 12.00
# Visual Studio 15
VisualStudioVersion = 15.0.28010.2026
MinimumVisualStudioVersion = 10.0.40219.1
Project("{FAE04EC0-301F-11D3-BF4B-00C04F79EFBC}") = "CompteARebours", "CompteARebours\CompteARebours.csproj", "{AC2F0574-066E-424D-B8AB-0FA1CE844410}"
EndProject
Project("{FAE04EC0-301F-11D3-BF4B-00C04F79EFBC}") = "ControleTimer", "ControleTimer\ControleTimer.csproj", "{CC70D81E-88A8-4AB7-8E5E-2A57504A64F7}"
EndProject
Global
	GlobalSection(SolutionConfigurationPlatforms) = preSolution
		Debug|Any CPU = Debug|Any CPU
		Release|Any CPU = Release|Any CPU
	EndGlobalSection
	GlobalSection(ProjectConfigurationPlatforms) = postSolution
		{AC2F0574-066E-424D-B8AB-0FA1CE844410}.Debug|Any CPU.ActiveCfg = Debug|Any CPU
		{AC2F0574-066E-424D-B8AB-0FA1CE844410}.Debug|Any CPU.Build.0 = Debug|Any CPU
		{AC2F0574-066E-424D-B8AB-0FA1CE844410}.Release|Any CPU.ActiveCfg = Release|Any CPU
		{AC2F0574-066E-424D-B8AB-0FA1CE844410}.Release|Any CPU.Build.0 = Release|Any CPU
		{CC70D81E-88A8-4AB7-8E5E-2A57504A64F7}.Debug|Any CPU.ActiveCfg = Debug|Any CPU
		{CC70D81E-88A8-4AB7-8E5E-2A57504A64F7}.Debug|Any CPU.Build.0 = Debug|Any CPU
		{CC70D81E-88A8-4AB7-8E5E-2A57504A64F7}.Release|Any CPU.ActiveCfg = Release|Any CPU
		{CC70D81E-88A8-4AB7-8E5E-2A57504A64F7}.Release|Any CPU.Build.0 = Release|Any CPU
	EndGlobalSection
	GlobalSection(SolutionProperties) = preSolution
		HideSolutionNode = FALSE
	EndGlobalSection
	GlobalSection(ExtensibilityGlobals) = postSolution
		SolutionGuid = {EF5604DE-D23B-4C94-B9D2-D18B713B67B5}
	EndGlobalSection
EndGlobal
